
Microsoft Visual Studio Solution File, Format Version 12.00
# Visual Studio Version 17
VisualStudioVersion = 17.13.35931.197
MinimumVisualStudioVersion = 10.0.40219.1
Project("{FAE04EC0-301F-11D3-BF4B-00C04F79EFBC}") = "AfsluttendeProjektH3API", "AfsluttendeProjektH3API\AfsluttendeProjektH3API.csproj", "{1DDE97A5-007A-444C-BD45-E4D28DF182D2}"
EndProject
Project("{FAE04EC0-301F-11D3-BF4B-00C04F79EFBC}") = "AfsluttendeProjektH3API.Domain", "Domain\AfsluttendeProjektH3API.Domain.csproj", "{9DBD1BAB-8620-4E6E-900E-F07F84A93849}"
EndProject
Project("{FAE04EC0-301F-11D3-BF4B-00C04F79EFBC}") = "AfsluttendeProjektH3API.Infrastructure", "AfsluttendeProjektH3API.Infrastructure\AfsluttendeProjektH3API.Infrastructure.csproj", "{A3718280-80BE-4922-9C24-0C4BEB815489}"
EndProject
Project("{FAE04EC0-301F-11D3-BF4B-00C04F79EFBC}") = "AfsluttendeProjektH3API.Application", "AfsluttendeProjektH3API.Application\AfsluttendeProjektH3API.Application.csproj", "{58C6AD24-81D4-458A-B6EE-2CE3F62E463A}"
EndProject
Project("{FAE04EC0-301F-11D3-BF4B-00C04F79EFBC}") = "AfsluttendeProjektAPITests", "AfsluttendeProjektAPITests\AfsluttendeProjektAPITests.csproj", "{EA440F93-013A-4E0F-A81B-2E0E649F8E8F}"
EndProject
Project("{2150E333-8FDC-42A3-9474-1A3956D46DE8}") = "Solution Items", "Solution Items", "{02EA681E-C7D8-13C7-8484-4AC65E1B71E8}"
	ProjectSection(SolutionItems) = preProject
		.editorconfig = .editorconfig
	EndProjectSection
EndProject
Global
	GlobalSection(SolutionConfigurationPlatforms) = preSolution
		Debug|Any CPU = Debug|Any CPU
		Release|Any CPU = Release|Any CPU
	EndGlobalSection
	GlobalSection(ProjectConfigurationPlatforms) = postSolution
		{1DDE97A5-007A-444C-BD45-E4D28DF182D2}.Debug|Any CPU.ActiveCfg = Debug|Any CPU
		{1DDE97A5-007A-444C-BD45-E4D28DF182D2}.Debug|Any CPU.Build.0 = Debug|Any CPU
		{1DDE97A5-007A-444C-BD45-E4D28DF182D2}.Release|Any CPU.ActiveCfg = Release|Any CPU
		{1DDE97A5-007A-444C-BD45-E4D28DF182D2}.Release|Any CPU.Build.0 = Release|Any CPU
		{9DBD1BAB-8620-4E6E-900E-F07F84A93849}.Debug|Any CPU.ActiveCfg = Debug|Any CPU
		{9DBD1BAB-8620-4E6E-900E-F07F84A93849}.Debug|Any CPU.Build.0 = Debug|Any CPU
		{9DBD1BAB-8620-4E6E-900E-F07F84A93849}.Release|Any CPU.ActiveCfg = Release|Any CPU
		{9DBD1BAB-8620-4E6E-900E-F07F84A93849}.Release|Any CPU.Build.0 = Release|Any CPU
		{A3718280-80BE-4922-9C24-0C4BEB815489}.Debug|Any CPU.ActiveCfg = Debug|Any CPU
		{A3718280-80BE-4922-9C24-0C4BEB815489}.Debug|Any CPU.Build.0 = Debug|Any CPU
		{A3718280-80BE-4922-9C24-0C4BEB815489}.Release|Any CPU.ActiveCfg = Release|Any CPU
		{A3718280-80BE-4922-9C24-0C4BEB815489}.Release|Any CPU.Build.0 = Release|Any CPU
		{58C6AD24-81D4-458A-B6EE-2CE3F62E463A}.Debug|Any CPU.ActiveCfg = Debug|Any CPU
		{58C6AD24-81D4-458A-B6EE-2CE3F62E463A}.Debug|Any CPU.Build.0 = Debug|Any CPU
		{58C6AD24-81D4-458A-B6EE-2CE3F62E463A}.Release|Any CPU.ActiveCfg = Release|Any CPU
		{58C6AD24-81D4-458A-B6EE-2CE3F62E463A}.Release|Any CPU.Build.0 = Release|Any CPU
		{EA440F93-013A-4E0F-A81B-2E0E649F8E8F}.Debug|Any CPU.ActiveCfg = Debug|Any CPU
		{EA440F93-013A-4E0F-A81B-2E0E649F8E8F}.Debug|Any CPU.Build.0 = Debug|Any CPU
		{EA440F93-013A-4E0F-A81B-2E0E649F8E8F}.Release|Any CPU.ActiveCfg = Release|Any CPU
		{EA440F93-013A-4E0F-A81B-2E0E649F8E8F}.Release|Any CPU.Build.0 = Release|Any CPU
	EndGlobalSection
	GlobalSection(SolutionProperties) = preSolution
		HideSolutionNode = FALSE
	EndGlobalSection
	GlobalSection(ExtensibilityGlobals) = postSolution
		SolutionGuid = {FF2CC606-C881-4582-9221-C7F794EFABA3}
	EndGlobalSection
EndGlobal
